
Microsoft Visual Studio Solution File, Format Version 12.00
# Visual Studio Version 16
VisualStudioVersion = 16.0.31424.327
MinimumVisualStudioVersion = 10.0.40219.1
Project("{8BC9CEB8-8B4A-11D0-8D11-00A0C91BC942}") = "finufft", "src\finufft.vcxproj", "{99F324D8-F466-4B68-9D33-8E01A4127E56}"
EndProject
Project("{8BC9CEB8-8B4A-11D0-8D11-00A0C91BC942}") = "finuffif", "src\finufftf.vcxproj", "{41826181-1305-4B26-8E06-04EA700D7174}"
EndProject
Project("{8BC9CEB8-8B4A-11D0-8D11-00A0C91BC942}") = "basicpassfail", "test\basicpassfail.vcxproj", "{D057D786-6A5A-4242-9D51-74CC20125630}"
EndProject
Project("{8BC9CEB8-8B4A-11D0-8D11-00A0C91BC942}") = "basicpassfailf", "test\basicpassfailf.vcxproj", "{1651F6F3-CDFB-4616-8844-B0FDC0199C0D}"
EndProject
Project("{2150E333-8FDC-42A3-9474-1A3956D46DE8}") = "test", "test", "{E17C76C8-AB05-4652-95A9-7C810987AECE}"
EndProject
Project("{8BC9CEB8-8B4A-11D0-8D11-00A0C91BC942}") = "finufft1d_test", "test\finufft1d_test.vcxproj", "{8BA1FDC6-9BAC-47C6-8D83-2228140C50E9}"
EndProject
Project("{8BC9CEB8-8B4A-11D0-8D11-00A0C91BC942}") = "finufft1f_test", "test\finufft1f_test.vcxproj", "{E54286CD-600A-441C-BDFB-0A7FBEB80518}"
EndProject
Project("{8BC9CEB8-8B4A-11D0-8D11-00A0C91BC942}") = "finufft2d_test", "test\finufft2d_test.vcxproj", "{17A3654D-2475-4FF7-BF78-AB23E399E07F}"
EndProject
Project("{8BC9CEB8-8B4A-11D0-8D11-00A0C91BC942}") = "finufft2f_test", "test\finufft2f_test.vcxproj", "{25168386-C566-4B83-B707-316CD6269DC7}"
EndProject
Project("{8BC9CEB8-8B4A-11D0-8D11-00A0C91BC942}") = "finufft3d_test", "test\finufft3d_test.vcxproj", "{F2BDFBB9-27BD-49BC-8418-CC184243D85C}"
EndProject
Project("{8BC9CEB8-8B4A-11D0-8D11-00A0C91BC942}") = "finufft3f_test", "test\finufft3f_test.vcxproj", "{CEA9FD05-626C-49B3-A4F8-26414885CA93}"
EndProject
Project("{2150E333-8FDC-42A3-9474-1A3956D46DE8}") = "single", "single", "{9FCC936F-FBA4-4FF9-97F8-4FAD3B645309}"
EndProject
Project("{2150E333-8FDC-42A3-9474-1A3956D46DE8}") = "double", "double", "{4923E5C5-B204-4CA8-8622-29966E10A909}"
EndProject
Project("{2150E333-8FDC-42A3-9474-1A3956D46DE8}") = "src", "src", "{2F26860B-F715-4076-9DC6-35133F24D61F}"
EndProject
Global
	GlobalSection(SolutionConfigurationPlatforms) = preSolution
		Debug|x64 = Debug|x64
		Release|x64 = Release|x64
	EndGlobalSection
	GlobalSection(ProjectConfigurationPlatforms) = postSolution
		{99F324D8-F466-4B68-9D33-8E01A4127E56}.Debug|x64.ActiveCfg = Debug|x64
		{99F324D8-F466-4B68-9D33-8E01A4127E56}.Debug|x64.Build.0 = Debug|x64
		{99F324D8-F466-4B68-9D33-8E01A4127E56}.Release|x64.ActiveCfg = Release|x64
		{99F324D8-F466-4B68-9D33-8E01A4127E56}.Release|x64.Build.0 = Release|x64
		{41826181-1305-4B26-8E06-04EA700D7174}.Debug|x64.ActiveCfg = Debug|x64
		{41826181-1305-4B26-8E06-04EA700D7174}.Debug|x64.Build.0 = Debug|x64
		{41826181-1305-4B26-8E06-04EA700D7174}.Release|x64.ActiveCfg = Release|x64
		{41826181-1305-4B26-8E06-04EA700D7174}.Release|x64.Build.0 = Release|x64
		{D057D786-6A5A-4242-9D51-74CC20125630}.Debug|x64.ActiveCfg = Debug|x64
		{D057D786-6A5A-4242-9D51-74CC20125630}.Debug|x64.Build.0 = Debug|x64
		{D057D786-6A5A-4242-9D51-74CC20125630}.Release|x64.ActiveCfg = Release|x64
		{D057D786-6A5A-4242-9D51-74CC20125630}.Release|x64.Build.0 = Release|x64
		{1651F6F3-CDFB-4616-8844-B0FDC0199C0D}.Debug|x64.ActiveCfg = Debug|x64
		{1651F6F3-CDFB-4616-8844-B0FDC0199C0D}.Debug|x64.Build.0 = Debug|x64
		{1651F6F3-CDFB-4616-8844-B0FDC0199C0D}.Release|x64.ActiveCfg = Release|x64
		{1651F6F3-CDFB-4616-8844-B0FDC0199C0D}.Release|x64.Build.0 = Release|x64
		{8BA1FDC6-9BAC-47C6-8D83-2228140C50E9}.Debug|x64.ActiveCfg = Debug|x64
		{8BA1FDC6-9BAC-47C6-8D83-2228140C50E9}.Debug|x64.Build.0 = Debug|x64
		{8BA1FDC6-9BAC-47C6-8D83-2228140C50E9}.Release|x64.ActiveCfg = Release|x64
		{E54286CD-600A-441C-BDFB-0A7FBEB80518}.Debug|x64.ActiveCfg = Debug|x64
		{E54286CD-600A-441C-BDFB-0A7FBEB80518}.Debug|x64.Build.0 = Debug|x64
		{E54286CD-600A-441C-BDFB-0A7FBEB80518}.Release|x64.ActiveCfg = Release|x64
		{E54286CD-600A-441C-BDFB-0A7FBEB80518}.Release|x64.Build.0 = Release|x64
		{17A3654D-2475-4FF7-BF78-AB23E399E07F}.Debug|x64.ActiveCfg = Debug|x64
		{17A3654D-2475-4FF7-BF78-AB23E399E07F}.Debug|x64.Build.0 = Debug|x64
		{17A3654D-2475-4FF7-BF78-AB23E399E07F}.Release|x64.ActiveCfg = Release|x64
		{17A3654D-2475-4FF7-BF78-AB23E399E07F}.Release|x64.Build.0 = Release|x64
		{25168386-C566-4B83-B707-316CD6269DC7}.Debug|x64.ActiveCfg = Debug|x64
		{25168386-C566-4B83-B707-316CD6269DC7}.Debug|x64.Build.0 = Debug|x64
		{25168386-C566-4B83-B707-316CD6269DC7}.Release|x64.ActiveCfg = Release|x64
		{25168386-C566-4B83-B707-316CD6269DC7}.Release|x64.Build.0 = Release|x64
		{F2BDFBB9-27BD-49BC-8418-CC184243D85C}.Debug|x64.ActiveCfg = Debug|x64
		{F2BDFBB9-27BD-49BC-8418-CC184243D85C}.Debug|x64.Build.0 = Debug|x64
		{F2BDFBB9-27BD-49BC-8418-CC184243D85C}.Release|x64.ActiveCfg = Release|x64
		{F2BDFBB9-27BD-49BC-8418-CC184243D85C}.Release|x64.Build.0 = Release|x64
		{CEA9FD05-626C-49B3-A4F8-26414885CA93}.Debug|x64.ActiveCfg = Debug|x64
		{CEA9FD05-626C-49B3-A4F8-26414885CA93}.Debug|x64.Build.0 = Debug|x64
		{CEA9FD05-626C-49B3-A4F8-26414885CA93}.Release|x64.ActiveCfg = Release|x64
		{CEA9FD05-626C-49B3-A4F8-26414885CA93}.Release|x64.Build.0 = Release|x64
	EndGlobalSection
	GlobalSection(SolutionProperties) = preSolution
		HideSolutionNode = FALSE
	EndGlobalSection
	GlobalSection(NestedProjects) = preSolution
		{99F324D8-F466-4B68-9D33-8E01A4127E56} = {2F26860B-F715-4076-9DC6-35133F24D61F}
		{41826181-1305-4B26-8E06-04EA700D7174} = {2F26860B-F715-4076-9DC6-35133F24D61F}
		{D057D786-6A5A-4242-9D51-74CC20125630} = {4923E5C5-B204-4CA8-8622-29966E10A909}
		{1651F6F3-CDFB-4616-8844-B0FDC0199C0D} = {9FCC936F-FBA4-4FF9-97F8-4FAD3B645309}
		{8BA1FDC6-9BAC-47C6-8D83-2228140C50E9} = {4923E5C5-B204-4CA8-8622-29966E10A909}
		{E54286CD-600A-441C-BDFB-0A7FBEB80518} = {9FCC936F-FBA4-4FF9-97F8-4FAD3B645309}
		{17A3654D-2475-4FF7-BF78-AB23E399E07F} = {4923E5C5-B204-4CA8-8622-29966E10A909}
		{25168386-C566-4B83-B707-316CD6269DC7} = {9FCC936F-FBA4-4FF9-97F8-4FAD3B645309}
		{F2BDFBB9-27BD-49BC-8418-CC184243D85C} = {4923E5C5-B204-4CA8-8622-29966E10A909}
		{CEA9FD05-626C-49B3-A4F8-26414885CA93} = {9FCC936F-FBA4-4FF9-97F8-4FAD3B645309}
		{9FCC936F-FBA4-4FF9-97F8-4FAD3B645309} = {E17C76C8-AB05-4652-95A9-7C810987AECE}
		{4923E5C5-B204-4CA8-8622-29966E10A909} = {E17C76C8-AB05-4652-95A9-7C810987AECE}
	EndGlobalSection
	GlobalSection(ExtensibilityGlobals) = postSolution
		SolutionGuid = {141C8B7C-180D-4207-94D4-FDCD3A6ABB6C}
	EndGlobalSection
EndGlobal
